{
  "object": {
    "pins": [
      {
        "package": "Alamofire",
        "repositoryURL": "https://github.com/Alamofire/Alamofire.git",
        "state": {
          "branch": null,
          "revision": "747c8db8d57b68d5e35275f10c92d55f982adbd4",
          "version": "4.9.1"
        }
      },
      {
        "package": "CwlCatchException",
        "repositoryURL": "https://github.com/mattgallagher/CwlCatchException.git",
        "state": {
          "branch": null,
          "revision": "07b2ba21d361c223e25e3c1e924288742923f08c",
          "version": "2.2.1"
        }
      },
      {
        "package": "CwlPreconditionTesting",
        "repositoryURL": "https://github.com/mattgallagher/CwlPreconditionTesting.git",
        "state": {
          "branch": null,
          "revision": "0139c665ebb45e6a9fbdb68aabfd7c39f3fe0071",
          "version": "2.2.2"
        }
      },
      {
        "package": "Nimble",
        "repositoryURL": "https://github.com/Quick/Nimble.git",
        "state": {
          "branch": null,
          "revision": "c93f16c25af5770f0d3e6af27c9634640946b068",
          "version": "9.2.1"
        }
      },
      {
        "package": "OHHTTPStubs",
        "repositoryURL": "https://github.com/AliSoftware/OHHTTPStubs.git",
        "state": {
          "branch": null,
          "revision": "12f19662426d0434d6c330c6974d53e2eb10ecd9",
          "version": "9.1.0"
        }
      },
      {
        "package": "Quick",
        "repositoryURL": "https://github.com/Quick/Quick.git",
        "state": {
          "branch": null,
          "revision": "8cce6acd38f965f5baa3167b939f86500314022b",
          "version": "3.1.2"
        }
      },
      {
        "package": "TSKit.Core",
        "repositoryURL": "https://github.com/adya/TSKit.Core.git",
        "state": {
          "branch": null,
          "revision": "936e3a260462bafa3ce1affd146c4c577e35bebe",
          "version": "2.12.0"
        }
      },
      {
        "package": "TSKit.Log",
        "repositoryURL": "https://github.com/adya/TSKit.Log.git",
        "state": {
          "branch": null,
          "revision": "e6615a1b9e19f6bae74a93babec7c210ab35f21d",
          "version": "2.5.1"
        }
      },
      {
        "package": "TSKit.Networking",
        "repositoryURL": "https://github.com/adya/TSKit.Networking.git",
        "state": {
          "branch": null,
          "revision": "5ecc4bc28e237aea130f128c8a65d102d1d2d340",
          "version": "5.3.0"
        }
      }
    ]
  },
  "version": 1
}
